
Microsoft Visual Studio Solution File, Format Version 12.00
# Visual Studio Version 17
VisualStudioVersion = 17.9.34616.47
MinimumVisualStudioVersion = 10.0.40219.1
Project("{FAE04EC0-301F-11D3-BF4B-00C04F79EFBC}") = "Online_Library", "Online_Library.csproj", "{D2EBD9B2-61D7-4DA3-94D1-C2A257DB3DC5}"
EndProject
Global
	GlobalSection(SolutionConfigurationPlatforms) = preSolution
		Debug|Any CPU = Debug|Any CPU
		Release|Any CPU = Release|Any CPU
	EndGlobalSection
	GlobalSection(ProjectConfigurationPlatforms) = postSolution
		{D2EBD9B2-61D7-4DA3-94D1-C2A257DB3DC5}.Debug|Any CPU.ActiveCfg = Debug|Any CPU
		{D2EBD9B2-61D7-4DA3-94D1-C2A257DB3DC5}.Debug|Any CPU.Build.0 = Debug|Any CPU
		{D2EBD9B2-61D7-4DA3-94D1-C2A257DB3DC5}.Release|Any CPU.ActiveCfg = Release|Any CPU
		{D2EBD9B2-61D7-4DA3-94D1-C2A257DB3DC5}.Release|Any CPU.Build.0 = Release|Any CPU
	EndGlobalSection
	GlobalSection(SolutionProperties) = preSolution
		HideSolutionNode = FALSE
	EndGlobalSection
	GlobalSection(ExtensibilityGlobals) = postSolution
		SolutionGuid = {E1B70D89-D0FC-4AAA-A2A4-6DCE26E5B218}
	EndGlobalSection
EndGlobal
